
Microsoft Visual Studio Solution File, Format Version 12.00
# Visual Studio Version 17
VisualStudioVersion = 17.14.36109.1 d17.14
MinimumVisualStudioVersion = 10.0.40219.1
Project("{FAE04EC0-301F-11D3-BF4B-00C04F79EFBC}") = "ProjetoRevisaoPOO", "ProjetoRevisaoPOO\ProjetoRevisaoPOO.csproj", "{AE166E3E-7CE3-46C7-B5FB-9E1F0148340C}"
EndProject
Global
	GlobalSection(SolutionConfigurationPlatforms) = preSolution
		Debug|Any CPU = Debug|Any CPU
		Release|Any CPU = Release|Any CPU
	EndGlobalSection
	GlobalSection(ProjectConfigurationPlatforms) = postSolution
		{AE166E3E-7CE3-46C7-B5FB-9E1F0148340C}.Debug|Any CPU.ActiveCfg = Debug|Any CPU
		{AE166E3E-7CE3-46C7-B5FB-9E1F0148340C}.Debug|Any CPU.Build.0 = Debug|Any CPU
		{AE166E3E-7CE3-46C7-B5FB-9E1F0148340C}.Release|Any CPU.ActiveCfg = Release|Any CPU
		{AE166E3E-7CE3-46C7-B5FB-9E1F0148340C}.Release|Any CPU.Build.0 = Release|Any CPU
	EndGlobalSection
	GlobalSection(SolutionProperties) = preSolution
		HideSolutionNode = FALSE
	EndGlobalSection
	GlobalSection(ExtensibilityGlobals) = postSolution
		SolutionGuid = {F2F19E99-C660-466F-97B1-319C54A9809E}
	EndGlobalSection
EndGlobal
